PODS:
  - SnapKit (5.0.1)
  - Stytch (0.1.4)

DEPENDENCIES:
  - SnapKit
  - Stytch

SPEC REPOS:
  trunk:
    - SnapKit
    - Stytch

SPEC CHECKSUMS:
  SnapKit: 97b92857e3df3a0c71833cce143274bf6ef8e5eb
  Stytch: d31b5b76e08c712cd5a2177e1c0477bc2e70fd3f

PODFILE CHECKSUM: b1df96818caf8a8fded5dc55989c73c4c0b8a108

COCOAPODS: 1.10.1
