// !$*UTF8*$!
{
	archiveVersion = 1;
	classes = {
	};
	objectVersion = 51;
	objects = {

/* Begin PBXBuildFile section */
		84A75294A9890365950A7CDC /* Pods_StytchExample.framework in Frameworks */ = {isa = PBXBuildFile; fileRef = 177F221E20230BF54EF61567 /* Pods_StytchExample.framework */; };
		85EA2D70257F95590034693E /* AppDelegate.swift in Sources */ = {isa = PBXBuildFile; fileRef = 85EA2D6F257F95590034693E /* AppDelegate.swift */; };
		85EA2D74257F95590034693E /* ViewController.swift in Sources */ = {isa = PBXBuildFile; fileRef = 85EA2D73257F95590034693E /* ViewController.swift */; };
		85EA2D77257F95590034693E /* Main.storyboard in Resources */ = {isa = PBXBuildFile; fileRef = 85EA2D75257F95590034693E /* Main.storyboard */; };
		85EA2D79257F955A0034693E /* Assets.xcassets in Resources */ = {isa = PBXBuildFile; fileRef = 85EA2D78257F955A0034693E /* Assets.xcassets */; };
		85EA2D7C257F955A0034693E /* LaunchScreen.storyboard in Resources */ = {isa = PBXBuildFile; fileRef = 85EA2D7A257F955A0034693E /* LaunchScreen.storyboard */; };
		85EA2D8D257F95D00034693E /* AppDelegate.swift in Sources */ = {isa = PBXBuildFile; fileRef = 85EA2D8C257F95D00034693E /* AppDelegate.swift */; };
		85EA2D91257F95D00034693E /* ViewController.swift in Sources */ = {isa = PBXBuildFile; fileRef = 85EA2D90257F95D00034693E /* ViewController.swift */; };
		85EA2D94257F95D00034693E /* Main.storyboard in Resources */ = {isa = PBXBuildFile; fileRef = 85EA2D92257F95D00034693E /* Main.storyboard */; };
		85EA2D96257F95D10034693E /* Assets.xcassets in Resources */ = {isa = PBXBuildFile; fileRef = 85EA2D95257F95D10034693E /* Assets.xcassets */; };
		85EA2D99257F95D10034693E /* LaunchScreen.storyboard in Resources */ = {isa = PBXBuildFile; fileRef = 85EA2D97257F95D10034693E /* LaunchScreen.storyboard */; };
		DC73C2FB7138CA9D4590CE64 /* Pods_StytchExampleUI.framework in Frameworks */ = {isa = PBXBuildFile; fileRef = 161A784592F3CD1484053E4A /* Pods_StytchExampleUI.framework */; };
/* End PBXBuildFile section */

/* Begin PBXCopyFilesBuildPhase section */
		85EA2DAF257F97730034693E /* Embed Frameworks */ = {
			isa = PBXCopyFilesBuildPhase;
			buildActionMask = 2147483647;
			dstPath = "";
			dstSubfolderSpec = 10;
			files = (
			);
			name = "Embed Frameworks";
			runOnlyForDeploymentPostprocessing = 0;
		};
		85EA2DB3257F97760034693E /* Embed Frameworks */ = {
			isa = PBXCopyFilesBuildPhase;
			buildActionMask = 2147483647;
			dstPath = "";
			dstSubfolderSpec = 10;
			files = (
			);
			name = "Embed Frameworks";
			runOnlyForDeploymentPostprocessing = 0;
		};
/* End PBXCopyFilesBuildPhase section */

/* Begin PBXFileReference section */
		161A784592F3CD1484053E4A /* Pods_StytchExampleUI.framework */ = {isa = PBXFileReference; explicitFileType = wrapper.framework; includeInIndex = 0; path = Pods_StytchExampleUI.framework; sourceTree = BUILT_PRODUCTS_DIR; };
		177F221E20230BF54EF61567 /* Pods_StytchExample.framework */ = {isa = PBXFileReference; explicitFileType = wrapper.framework; includeInIndex = 0; path = Pods_StytchExample.framework; sourceTree = BUILT_PRODUCTS_DIR; };
		4D36458F25C6691700137FAF /* StytchExample.entitlements */ = {isa = PBXFileReference; lastKnownFileType = text.plist.entitlements; path = StytchExample.entitlements; sourceTree = "<group>"; };
		51D65F80DD6CE428AD8BA472 /* Pods-StytchExampleUI.debug.xcconfig */ = {isa = PBXFileReference; includeInIndex = 1; lastKnownFileType = text.xcconfig; name = "Pods-StytchExampleUI.debug.xcconfig"; path = "Target Support Files/Pods-StytchExampleUI/Pods-StytchExampleUI.debug.xcconfig"; sourceTree = "<group>"; };
		5600D6F68BEAB2345A5DC201 /* Pods-StytchExampleUI.release.xcconfig */ = {isa = PBXFileReference; includeInIndex = 1; lastKnownFileType = text.xcconfig; name = "Pods-StytchExampleUI.release.xcconfig"; path = "Target Support Files/Pods-StytchExampleUI/Pods-StytchExampleUI.release.xcconfig"; sourceTree = "<group>"; };
		66660D0E481F8864EA45655F /* Pods-StytchExample.release.xcconfig */ = {isa = PBXFileReference; includeInIndex = 1; lastKnownFileType = text.xcconfig; name = "Pods-StytchExample.release.xcconfig"; path = "Target Support Files/Pods-StytchExample/Pods-StytchExample.release.xcconfig"; sourceTree = "<group>"; };
		70E13ACDFB428C1B2AC86AE0 /* Pods-StytchExample.debug.xcconfig */ = {isa = PBXFileReference; includeInIndex = 1; lastKnownFileType = text.xcconfig; name = "Pods-StytchExample.debug.xcconfig"; path = "Target Support Files/Pods-StytchExample/Pods-StytchExample.debug.xcconfig"; sourceTree = "<group>"; };
		85EA2D6C257F95590034693E /* StytchExample.app */ = {isa = PBXFileReference; explicitFileType = wrapper.application; includeInIndex = 0; path = StytchExample.app; sourceTree = BUILT_PRODUCTS_DIR; };
		85EA2D6F257F95590034693E /* AppDelegate.swift */ = {isa = PBXFileReference; lastKnownFileType = sourcecode.swift; path = AppDelegate.swift; sourceTree = "<group>"; };
		85EA2D73257F95590034693E /* ViewController.swift */ = {isa = PBXFileReference; lastKnownFileType = sourcecode.swift; path = ViewController.swift; sourceTree = "<group>"; };
		85EA2D76257F95590034693E /* Base */ = {isa = PBXFileReference; lastKnownFileType = file.storyboard; name = Base; path = Base.lproj/Main.storyboard; sourceTree = "<group>"; };
		85EA2D78257F955A0034693E /* Assets.xcassets */ = {isa = PBXFileReference; lastKnownFileType = folder.assetcatalog; path = Assets.xcassets; sourceTree = "<group>"; };
		85EA2D7B257F955A0034693E /* Base */ = {isa = PBXFileReference; lastKnownFileType = file.storyboard; name = Base; path = Base.lproj/LaunchScreen.storyboard; sourceTree = "<group>"; };
		85EA2D7D257F955A0034693E /* Info.plist */ = {isa = PBXFileReference; lastKnownFileType = text.plist.xml; path = Info.plist; sourceTree = "<group>"; };
		85EA2D8A257F95D00034693E /* StytchExampleUI.app */ = {isa = PBXFileReference; explicitFileType = wrapper.application; includeInIndex = 0; path = StytchExampleUI.app; sourceTree = BUILT_PRODUCTS_DIR; };
		85EA2D8C257F95D00034693E /* AppDelegate.swift */ = {isa = PBXFileReference; lastKnownFileType = sourcecode.swift; path = AppDelegate.swift; sourceTree = "<group>"; };
		85EA2D90257F95D00034693E /* ViewController.swift */ = {isa = PBXFileReference; lastKnownFileType = sourcecode.swift; path = ViewController.swift; sourceTree = "<group>"; };
		85EA2D93257F95D00034693E /* Base */ = {isa = PBXFileReference; lastKnownFileType = file.storyboard; name = Base; path = Base.lproj/Main.storyboard; sourceTree = "<group>"; };
		85EA2D95257F95D10034693E /* Assets.xcassets */ = {isa = PBXFileReference; lastKnownFileType = folder.assetcatalog; path = Assets.xcassets; sourceTree = "<group>"; };
		85EA2D98257F95D10034693E /* Base */ = {isa = PBXFileReference; lastKnownFileType = file.storyboard; name = Base; path = Base.lproj/LaunchScreen.storyboard; sourceTree = "<group>"; };
		85EA2D9A257F95D10034693E /* Info.plist */ = {isa = PBXFileReference; lastKnownFileType = text.plist.xml; path = Info.plist; sourceTree = "<group>"; };
/* End PBXFileReference section */

/* Begin PBXFrameworksBuildPhase section */
		85EA2D69257F95590034693E /* Frameworks */ = {
			isa = PBXFrameworksBuildPhase;
			buildActionMask = 2147483647;
			files = (
				84A75294A9890365950A7CDC /* Pods_StytchExample.framework in Frameworks */,
			);
			runOnlyForDeploymentPostprocessing = 0;
		};
		85EA2D87257F95D00034693E /* Frameworks */ = {
			isa = PBXFrameworksBuildPhase;
			buildActionMask = 2147483647;
			files = (
				DC73C2FB7138CA9D4590CE64 /* Pods_StytchExampleUI.framework in Frameworks */,
			);
			runOnlyForDeploymentPostprocessing = 0;
		};
/* End PBXFrameworksBuildPhase section */

/* Begin PBXGroup section */
		6A706E74BEFCFBBE897D7158 /* Pods */ = {
			isa = PBXGroup;
			children = (
				70E13ACDFB428C1B2AC86AE0 /* Pods-StytchExample.debug.xcconfig */,
				66660D0E481F8864EA45655F /* Pods-StytchExample.release.xcconfig */,
				51D65F80DD6CE428AD8BA472 /* Pods-StytchExampleUI.debug.xcconfig */,
				5600D6F68BEAB2345A5DC201 /* Pods-StytchExampleUI.release.xcconfig */,
			);
			path = Pods;
			sourceTree = "<group>";
		};
		85EA2D63257F95590034693E = {
			isa = PBXGroup;
			children = (
				85EA2D6E257F95590034693E /* StytchExample */,
				85EA2D8B257F95D00034693E /* StytchExampleUI */,
				85EA2D6D257F95590034693E /* Products */,
				6A706E74BEFCFBBE897D7158 /* Pods */,
				C8453FDBCE948D314AD964C8 /* Frameworks */,
			);
			sourceTree = "<group>";
		};
		85EA2D6D257F95590034693E /* Products */ = {
			isa = PBXGroup;
			children = (
				85EA2D6C257F95590034693E /* StytchExample.app */,
				85EA2D8A257F95D00034693E /* StytchExampleUI.app */,
			);
			name = Products;
			sourceTree = "<group>";
		};
		85EA2D6E257F95590034693E /* StytchExample */ = {
			isa = PBXGroup;
			children = (
				4D36458F25C6691700137FAF /* StytchExample.entitlements */,
				85EA2D6F257F95590034693E /* AppDelegate.swift */,
				85EA2D73257F95590034693E /* ViewController.swift */,
				85EA2D75257F95590034693E /* Main.storyboard */,
				85EA2D78257F955A0034693E /* Assets.xcassets */,
				85EA2D7A257F955A0034693E /* LaunchScreen.storyboard */,
				85EA2D7D257F955A0034693E /* Info.plist */,
			);
			path = StytchExample;
			sourceTree = "<group>";
		};
		85EA2D8B257F95D00034693E /* StytchExampleUI */ = {
			isa = PBXGroup;
			children = (
				85EA2D8C257F95D00034693E /* AppDelegate.swift */,
				85EA2D90257F95D00034693E /* ViewController.swift */,
				85EA2D92257F95D00034693E /* Main.storyboard */,
				85EA2D95257F95D10034693E /* Assets.xcassets */,
				85EA2D97257F95D10034693E /* LaunchScreen.storyboard */,
				85EA2D9A257F95D10034693E /* Info.plist */,
			);
			path = StytchExampleUI;
			sourceTree = "<group>";
		};
		C8453FDBCE948D314AD964C8 /* Frameworks */ = {
			isa = PBXGroup;
			children = (
				177F221E20230BF54EF61567 /* Pods_StytchExample.framework */,
				161A784592F3CD1484053E4A /* Pods_StytchExampleUI.framework */,
			);
			name = Frameworks;
			sourceTree = "<group>";
		};
/* End PBXGroup section */

/* Begin PBXNativeTarget section */
		85EA2D6B257F95590034693E /* StytchExample */ = {
			isa = PBXNativeTarget;
			buildConfigurationList = 85EA2D80257F955A0034693E /* Build configuration list for PBXNativeTarget "StytchExample" */;
			buildPhases = (
				FD78F399E432D98BC165B0B3 /* [CP] Check Pods Manifest.lock */,
				85EA2D68257F95590034693E /* Sources */,
				85EA2D69257F95590034693E /* Frameworks */,
				85EA2D6A257F95590034693E /* Resources */,
				85EA2DB3257F97760034693E /* Embed Frameworks */,
				7BCC3B48BDF19342FF1DBC58 /* [CP] Embed Pods Frameworks */,
			);
			buildRules = (
			);
			dependencies = (
			);
			name = StytchExample;
			productName = StytchExample;
			productReference = 85EA2D6C257F95590034693E /* StytchExample.app */;
			productType = "com.apple.product-type.application";
		};
		85EA2D89257F95D00034693E /* StytchExampleUI */ = {
			isa = PBXNativeTarget;
			buildConfigurationList = 85EA2D9B257F95D10034693E /* Build configuration list for PBXNativeTarget "StytchExampleUI" */;
			buildPhases = (
				9FE6C2827E171EA3844A63F5 /* [CP] Check Pods Manifest.lock */,
				85EA2D86257F95D00034693E /* Sources */,
				85EA2D87257F95D00034693E /* Frameworks */,
				85EA2D88257F95D00034693E /* Resources */,
				85EA2DAF257F97730034693E /* Embed Frameworks */,
				51C8D9B3E3F316AA02BA59CC /* [CP] Embed Pods Frameworks */,
			);
			buildRules = (
			);
			dependencies = (
			);
			name = StytchExampleUI;
			productName = StytchExampleUI;
			productReference = 85EA2D8A257F95D00034693E /* StytchExampleUI.app */;
			productType = "com.apple.product-type.application";
		};
/* End PBXNativeTarget section */

/* Begin PBXProject section */
		85EA2D64257F95590034693E /* Project object */ = {
			isa = PBXProject;
			attributes = {
				LastSwiftUpdateCheck = 1220;
				LastUpgradeCheck = 1220;
				TargetAttributes = {
					85EA2D6B257F95590034693E = {
						CreatedOnToolsVersion = 12.2;
					};
					85EA2D89257F95D00034693E = {
						CreatedOnToolsVersion = 12.2;
					};
				};
			};
			buildConfigurationList = 85EA2D67257F95590034693E /* Build configuration list for PBXProject "StytchExample" */;
			compatibilityVersion = "Xcode 9.3";
			developmentRegion = en;
			hasScannedForEncodings = 0;
			knownRegions = (
				en,
				Base,
			);
			mainGroup = 85EA2D63257F95590034693E;
			productRefGroup = 85EA2D6D257F95590034693E /* Products */;
			projectDirPath = "";
			projectRoot = "";
			targets = (
				85EA2D6B257F95590034693E /* StytchExample */,
				85EA2D89257F95D00034693E /* StytchExampleUI */,
			);
		};
/* End PBXProject section */

/* Begin PBXResourcesBuildPhase section */
		85EA2D6A257F95590034693E /* Resources */ = {
			isa = PBXResourcesBuildPhase;
			buildActionMask = 2147483647;
			files = (
				85EA2D7C257F955A0034693E /* LaunchScreen.storyboard in Resources */,
				85EA2D79257F955A0034693E /* Assets.xcassets in Resources */,
				85EA2D77257F95590034693E /* Main.storyboard in Resources */,
			);
			runOnlyForDeploymentPostprocessing = 0;
		};
		85EA2D88257F95D00034693E /* Resources */ = {
			isa = PBXResourcesBuildPhase;
			buildActionMask = 2147483647;
			files = (
				85EA2D99257F95D10034693E /* LaunchScreen.storyboard in Resources */,
				85EA2D96257F95D10034693E /* Assets.xcassets in Resources */,
				85EA2D94257F95D00034693E /* Main.storyboard in Resources */,
			);
			runOnlyForDeploymentPostprocessing = 0;
		};
/* End PBXResourcesBuildPhase section */

/* Begin PBXShellScriptBuildPhase section */
		51C8D9B3E3F316AA02BA59CC /* [CP] Embed Pods Frameworks */ = {
			isa = PBXShellScriptBuildPhase;
			buildActionMask = 2147483647;
			files = (
			);
			inputFileListPaths = (
				"${PODS_ROOT}/Target Support Files/Pods-StytchExampleUI/Pods-StytchExampleUI-frameworks-${CONFIGURATION}-input-files.xcfilelist",
			);
			name = "[CP] Embed Pods Frameworks";
			outputFileListPaths = (
				"${PODS_ROOT}/Target Support Files/Pods-StytchExampleUI/Pods-StytchExampleUI-frameworks-${CONFIGURATION}-output-files.xcfilelist",
			);
			runOnlyForDeploymentPostprocessing = 0;
			shellPath = /bin/sh;
			shellScript = "\"${PODS_ROOT}/Target Support Files/Pods-StytchExampleUI/Pods-StytchExampleUI-frameworks.sh\"\n";
			showEnvVarsInLog = 0;
		};
		7BCC3B48BDF19342FF1DBC58 /* [CP] Embed Pods Frameworks */ = {
			isa = PBXShellScriptBuildPhase;
			buildActionMask = 2147483647;
			files = (
			);
			inputFileListPaths = (
				"${PODS_ROOT}/Target Support Files/Pods-StytchExample/Pods-StytchExample-frameworks-${CONFIGURATION}-input-files.xcfilelist",
			);
			name = "[CP] Embed Pods Frameworks";
			outputFileListPaths = (
				"${PODS_ROOT}/Target Support Files/Pods-StytchExample/Pods-StytchExample-frameworks-${CONFIGURATION}-output-files.xcfilelist",
			);
			runOnlyForDeploymentPostprocessing = 0;
			shellPath = /bin/sh;
			shellScript = "\"${PODS_ROOT}/Target Support Files/Pods-StytchExample/Pods-StytchExample-frameworks.sh\"\n";
			showEnvVarsInLog = 0;
		};
		9FE6C2827E171EA3844A63F5 /* [CP] Check Pods Manifest.lock */ = {
			isa = PBXShellScriptBuildPhase;
			buildActionMask = 2147483647;
			files = (
			);
			inputFileListPaths = (
			);
			inputPaths = (
				"${PODS_PODFILE_DIR_PATH}/Podfile.lock",
				"${PODS_ROOT}/Manifest.lock",
			);
			name = "[CP] Check Pods Manifest.lock";
			outputFileListPaths = (
			);
			outputPaths = (
				"$(DERIVED_FILE_DIR)/Pods-StytchExampleUI-checkManifestLockResult.txt",
			);
			runOnlyForDeploymentPostprocessing = 0;
			shellPath = /bin/sh;
			shellScript = "diff \"${PODS_PODFILE_DIR_PATH}/Podfile.lock\" \"${PODS_ROOT}/Manifest.lock\" > /dev/null\nif [ $? != 0 ] ; then\n    # print error to STDERR\n    echo \"error: The sandbox is not in sync with the Podfile.lock. Run 'pod install' or update your CocoaPods installation.\" >&2\n    exit 1\nfi\n# This output is used by Xcode 'outputs' to avoid re-running this script phase.\necho \"SUCCESS\" > \"${SCRIPT_OUTPUT_FILE_0}\"\n";
			showEnvVarsInLog = 0;
		};
		FD78F399E432D98BC165B0B3 /* [CP] Check Pods Manifest.lock */ = {
			isa = PBXShellScriptBuildPhase;
			buildActionMask = 2147483647;
			files = (
			);
			inputFileListPaths = (
			);
			inputPaths = (
				"${PODS_PODFILE_DIR_PATH}/Podfile.lock",
				"${PODS_ROOT}/Manifest.lock",
			);
			name = "[CP] Check Pods Manifest.lock";
			outputFileListPaths = (
			);
			outputPaths = (
				"$(DERIVED_FILE_DIR)/Pods-StytchExample-checkManifestLockResult.txt",
			);
			runOnlyForDeploymentPostprocessing = 0;
			shellPath = /bin/sh;
			shellScript = "diff \"${PODS_PODFILE_DIR_PATH}/Podfile.lock\" \"${PODS_ROOT}/Manifest.lock\" > /dev/null\nif [ $? != 0 ] ; then\n    # print error to STDERR\n    echo \"error: The sandbox is not in sync with the Podfile.lock. Run 'pod install' or update your CocoaPods installation.\" >&2\n    exit 1\nfi\n# This output is used by Xcode 'outputs' to avoid re-running this script phase.\necho \"SUCCESS\" > \"${SCRIPT_OUTPUT_FILE_0}\"\n";
			showEnvVarsInLog = 0;
		};
/* End PBXShellScriptBuildPhase section */

/* Begin PBXSourcesBuildPhase section */
		85EA2D68257F95590034693E /* Sources */ = {
			isa = PBXSourcesBuildPhase;
			buildActionMask = 2147483647;
			files = (
				85EA2D74257F95590034693E /* ViewController.swift in Sources */,
				85EA2D70257F95590034693E /* AppDelegate.swift in Sources */,
			);
			runOnlyForDeploymentPostprocessing = 0;
		};
		85EA2D86257F95D00034693E /* Sources */ = {
			isa = PBXSourcesBuildPhase;
			buildActionMask = 2147483647;
			files = (
				85EA2D91257F95D00034693E /* ViewController.swift in Sources */,
				85EA2D8D257F95D00034693E /* AppDelegate.swift in Sources */,
			);
			runOnlyForDeploymentPostprocessing = 0;
		};
/* End PBXSourcesBuildPhase section */

/* Begin PBXVariantGroup section */
		85EA2D75257F95590034693E /* Main.storyboard */ = {
			isa = PBXVariantGroup;
			children = (
				85EA2D76257F95590034693E /* Base */,
			);
			name = Main.storyboard;
			sourceTree = "<group>";
		};
		85EA2D7A257F955A0034693E /* LaunchScreen.storyboard */ = {
			isa = PBXVariantGroup;
			children = (
				85EA2D7B257F955A0034693E /* Base */,
			);
			name = LaunchScreen.storyboard;
			sourceTree = "<group>";
		};
		85EA2D92257F95D00034693E /* Main.storyboard */ = {
			isa = PBXVariantGroup;
			children = (
				85EA2D93257F95D00034693E /* Base */,
			);
			name = Main.storyboard;
			sourceTree = "<group>";
		};
		85EA2D97257F95D10034693E /* LaunchScreen.storyboard */ = {
			isa = PBXVariantGroup;
			children = (
				85EA2D98257F95D10034693E /* Base */,
			);
			name = LaunchScreen.storyboard;
			sourceTree = "<group>";
		};
/* End PBXVariantGroup section */

/* Begin XCBuildConfiguration section */
		85EA2D7E257F955A0034693E /* Debug */ = {
			isa = XCBuildConfiguration;
			buildSettings = {
				ALWAYS_SEARCH_USER_PATHS = NO;
				CLANG_ANALYZER_NONNULL = YES;
				CLANG_ANALYZER_NUMBER_OBJECT_CONVERSION = YES_AGGRESSIVE;
				CLANG_CXX_LANGUAGE_STANDARD = "gnu++14";
				CLANG_CXX_LIBRARY = "libc++";
				CLANG_ENABLE_MODULES = YES;
				CLANG_ENABLE_OBJC_ARC = YES;
				CLANG_ENABLE_OBJC_WEAK = YES;
				CLANG_WARN_BLOCK_CAPTURE_AUTORELEASING = YES;
				CLANG_WARN_BOOL_CONVERSION = YES;
				CLANG_WARN_COMMA = YES;
				CLANG_WARN_CONSTANT_CONVERSION = YES;
				CLANG_WARN_DEPRECATED_OBJC_IMPLEMENTATIONS = YES;
				CLANG_WARN_DIRECT_OBJC_ISA_USAGE = YES_ERROR;
				CLANG_WARN_DOCUMENTATION_COMMENTS = YES;
				CLANG_WARN_EMPTY_BODY = YES;
				CLANG_WARN_ENUM_CONVERSION = YES;
				CLANG_WARN_INFINITE_RECURSION = YES;
				CLANG_WARN_INT_CONVERSION = YES;
				CLANG_WARN_NON_LITERAL_NULL_CONVERSION = YES;
				CLANG_WARN_OBJC_IMPLICIT_RETAIN_SELF = YES;
				CLANG_WARN_OBJC_LITERAL_CONVERSION = YES;
				CLANG_WARN_OBJC_ROOT_CLASS = YES_ERROR;
				CLANG_WARN_QUOTED_INCLUDE_IN_FRAMEWORK_HEADER = YES;
				CLANG_WARN_RANGE_LOOP_ANALYSIS = YES;
				CLANG_WARN_STRICT_PROTOTYPES = YES;
				CLANG_WARN_SUSPICIOUS_MOVE = YES;
				CLANG_WARN_UNGUARDED_AVAILABILITY = YES_AGGRESSIVE;
				CLANG_WARN_UNREACHABLE_CODE = YES;
				CLANG_WARN__DUPLICATE_METHOD_MATCH = YES;
				COPY_PHASE_STRIP = NO;
				DEBUG_INFORMATION_FORMAT = dwarf;
				ENABLE_STRICT_OBJC_MSGSEND = YES;
				ENABLE_TESTABILITY = YES;
				GCC_C_LANGUAGE_STANDARD = gnu11;
				GCC_DYNAMIC_NO_PIC = NO;
				GCC_NO_COMMON_BLOCKS = YES;
				GCC_OPTIMIZATION_LEVEL = 0;
				GCC_PREPROCESSOR_DEFINITIONS = (
					"DEBUG=1",
					"$(inherited)",
				);
				GCC_WARN_64_TO_32_BIT_CONVERSION = YES;
				GCC_WARN_ABOUT_RETURN_TYPE = YES_ERROR;
				GCC_WARN_UNDECLARED_SELECTOR = YES;
				GCC_WARN_UNINITIALIZED_AUTOS = YES_AGGRESSIVE;
				GCC_WARN_UNUSED_FUNCTION = YES;
				GCC_WARN_UNUSED_VARIABLE = YES;
				IPHONEOS_DEPLOYMENT_TARGET = 14.2;
				MTL_ENABLE_DEBUG_INFO = INCLUDE_SOURCE;
				MTL_FAST_MATH = YES;
				ONLY_ACTIVE_ARCH = YES;
				SDKROOT = iphoneos;
				SWIFT_ACTIVE_COMPILATION_CONDITIONS = DEBUG;
				SWIFT_OPTIMIZATION_LEVEL = "-Onone";
			};
			name = Debug;
		};
		85EA2D7F257F955A0034693E /* Release */ = {
			isa = XCBuildConfiguration;
			buildSettings = {
				ALWAYS_SEARCH_USER_PATHS = NO;
				CLANG_ANALYZER_NONNULL = YES;
				CLANG_ANALYZER_NUMBER_OBJECT_CONVERSION = YES_AGGRESSIVE;
				CLANG_CXX_LANGUAGE_STANDARD = "gnu++14";
				CLANG_CXX_LIBRARY = "libc++";
				CLANG_ENABLE_MODULES = YES;
				CLANG_ENABLE_OBJC_ARC = YES;
				CLANG_ENABLE_OBJC_WEAK = YES;
				CLANG_WARN_BLOCK_CAPTURE_AUTORELEASING = YES;
				CLANG_WARN_BOOL_CONVERSION = YES;
				CLANG_WARN_COMMA = YES;
				CLANG_WARN_CONSTANT_CONVERSION = YES;
				CLANG_WARN_DEPRECATED_OBJC_IMPLEMENTATIONS = YES;
				CLANG_WARN_DIRECT_OBJC_ISA_USAGE = YES_ERROR;
				CLANG_WARN_DOCUMENTATION_COMMENTS = YES;
				CLANG_WARN_EMPTY_BODY = YES;
				CLANG_WARN_ENUM_CONVERSION = YES;
				CLANG_WARN_INFINITE_RECURSION = YES;
				CLANG_WARN_INT_CONVERSION = YES;
				CLANG_WARN_NON_LITERAL_NULL_CONVERSION = YES;
				CLANG_WARN_OBJC_IMPLICIT_RETAIN_SELF = YES;
				CLANG_WARN_OBJC_LITERAL_CONVERSION = YES;
				CLANG_WARN_OBJC_ROOT_CLASS = YES_ERROR;
				CLANG_WARN_QUOTED_INCLUDE_IN_FRAMEWORK_HEADER = YES;
				CLANG_WARN_RANGE_LOOP_ANALYSIS = YES;
				CLANG_WARN_STRICT_PROTOTYPES = YES;
				CLANG_WARN_SUSPICIOUS_MOVE = YES;
				CLANG_WARN_UNGUARDED_AVAILABILITY = YES_AGGRESSIVE;
				CLANG_WARN_UNREACHABLE_CODE = YES;
				CLANG_WARN__DUPLICATE_METHOD_MATCH = YES;
				COPY_PHASE_STRIP = NO;
				DEBUG_INFORMATION_FORMAT = "dwarf-with-dsym";
				ENABLE_NS_ASSERTIONS = NO;
				ENABLE_STRICT_OBJC_MSGSEND = YES;
				GCC_C_LANGUAGE_STANDARD = gnu11;
				GCC_NO_COMMON_BLOCKS = YES;
				GCC_WARN_64_TO_32_BIT_CONVERSION = YES;
				GCC_WARN_ABOUT_RETURN_TYPE = YES_ERROR;
				GCC_WARN_UNDECLARED_SELECTOR = YES;
				GCC_WARN_UNINITIALIZED_AUTOS = YES_AGGRESSIVE;
				GCC_WARN_UNUSED_FUNCTION = YES;
				GCC_WARN_UNUSED_VARIABLE = YES;
				IPHONEOS_DEPLOYMENT_TARGET = 14.2;
				MTL_ENABLE_DEBUG_INFO = NO;
				MTL_FAST_MATH = YES;
				SDKROOT = iphoneos;
				SWIFT_COMPILATION_MODE = wholemodule;
				SWIFT_OPTIMIZATION_LEVEL = "-O";
				VALIDATE_PRODUCT = YES;
			};
			name = Release;
		};
		85EA2D81257F955A0034693E /* Debug */ = {
			isa = XCBuildConfiguration;
			baseConfigurationReference = 70E13ACDFB428C1B2AC86AE0 /* Pods-StytchExample.debug.xcconfig */;
			buildSettings = {
				ASSETCATALOG_COMPILER_APPICON_NAME = AppIcon;
				ASSETCATALOG_COMPILER_GLOBAL_ACCENT_COLOR_NAME = AccentColor;
				CODE_SIGN_ENTITLEMENTS = StytchExample/StytchExample.entitlements;
				CODE_SIGN_STYLE = Automatic;
				DEVELOPMENT_TEAM = XG6U8693WY;
				FRAMEWORK_SEARCH_PATHS = (
					"$(inherited)",
					"$(PROJECT_DIR)",
				);
				INFOPLIST_FILE = StytchExample/Info.plist;
				LD_RUNPATH_SEARCH_PATHS = (
					"$(inherited)",
					"@executable_path/Frameworks",
				);
				PRODUCT_BUNDLE_IDENTIFIER = com.stytch.StytchExample;
				PRODUCT_NAME = "$(TARGET_NAME)";
				SWIFT_VERSION = 5.0;
				TARGETED_DEVICE_FAMILY = "1,2";
			};
			name = Debug;
		};
		85EA2D82257F955A0034693E /* Release */ = {
			isa = XCBuildConfiguration;
			baseConfigurationReference = 66660D0E481F8864EA45655F /* Pods-StytchExample.release.xcconfig */;
			buildSettings = {
				ASSETCATALOG_COMPILER_APPICON_NAME = AppIcon;
				ASSETCATALOG_COMPILER_GLOBAL_ACCENT_COLOR_NAME = AccentColor;
				CODE_SIGN_ENTITLEMENTS = StytchExample/StytchExample.entitlements;
				CODE_SIGN_STYLE = Automatic;
				DEVELOPMENT_TEAM = XG6U8693WY;
				FRAMEWORK_SEARCH_PATHS = (
					"$(inherited)",
					"$(PROJECT_DIR)",
				);
				INFOPLIST_FILE = StytchExample/Info.plist;
				LD_RUNPATH_SEARCH_PATHS = (
					"$(inherited)",
					"@executable_path/Frameworks",
				);
				PRODUCT_BUNDLE_IDENTIFIER = com.stytch.StytchExample;
				PRODUCT_NAME = "$(TARGET_NAME)";
				SWIFT_VERSION = 5.0;
				TARGETED_DEVICE_FAMILY = "1,2";
			};
			name = Release;
		};
		85EA2D9C257F95D10034693E /* Debug */ = {
			isa = XCBuildConfiguration;
			baseConfigurationReference = 51D65F80DD6CE428AD8BA472 /* Pods-StytchExampleUI.debug.xcconfig */;
			buildSettings = {
				ASSETCATALOG_COMPILER_APPICON_NAME = AppIcon;
				ASSETCATALOG_COMPILER_GLOBAL_ACCENT_COLOR_NAME = AccentColor;
				CODE_SIGN_STYLE = Automatic;
				DEVELOPMENT_TEAM = 2U5QM4T7N7;
				FRAMEWORK_SEARCH_PATHS = (
					"$(inherited)",
					"$(PROJECT_DIR)",
				);
				INFOPLIST_FILE = StytchExampleUI/Info.plist;
				LD_RUNPATH_SEARCH_PATHS = (
					"$(inherited)",
					"@executable_path/Frameworks",
				);
				PRODUCT_BUNDLE_IDENTIFIER = com.stytch.StytchExampleUI;
				PRODUCT_NAME = "$(TARGET_NAME)";
				SWIFT_VERSION = 5.0;
				TARGETED_DEVICE_FAMILY = "1,2";
			};
			name = Debug;
		};
		85EA2D9D257F95D10034693E /* Release */ = {
			isa = XCBuildConfiguration;
			baseConfigurationReference = 5600D6F68BEAB2345A5DC201 /* Pods-StytchExampleUI.release.xcconfig */;
			buildSettings = {
				ASSETCATALOG_COMPILER_APPICON_NAME = AppIcon;
				ASSETCATALOG_COMPILER_GLOBAL_ACCENT_COLOR_NAME = AccentColor;
				CODE_SIGN_STYLE = Automatic;
				DEVELOPMENT_TEAM = 2U5QM4T7N7;
				FRAMEWORK_SEARCH_PATHS = (
					"$(inherited)",
					"$(PROJECT_DIR)",
				);
				INFOPLIST_FILE = StytchExampleUI/Info.plist;
				LD_RUNPATH_SEARCH_PATHS = (
					"$(inherited)",
					"@executable_path/Frameworks",
				);
				PRODUCT_BUNDLE_IDENTIFIER = com.stytch.StytchExampleUI;
				PRODUCT_NAME = "$(TARGET_NAME)";
				SWIFT_VERSION = 5.0;
				TARGETED_DEVICE_FAMILY = "1,2";
			};
			name = Release;
		};
/* End XCBuildConfiguration section */

/* Begin XCConfigurationList section */
		85EA2D67257F95590034693E /* Build configuration list for PBXProject "StytchExample" */ = {
			isa = XCConfigurationList;
			buildConfigurations = (
				85EA2D7E257F955A0034693E /* Debug */,
				85EA2D7F257F955A0034693E /* Release */,
			);
			defaultConfigurationIsVisible = 0;
			defaultConfigurationName = Release;
		};
		85EA2D80257F955A0034693E /* Build configuration list for PBXNativeTarget "StytchExample" */ = {
			isa = XCConfigurationList;
			buildConfigurations = (
				85EA2D81257F955A0034693E /* Debug */,
				85EA2D82257F955A0034693E /* Release */,
			);
			defaultConfigurationIsVisible = 0;
			defaultConfigurationName = Release;
		};
		85EA2D9B257F95D10034693E /* Build configuration list for PBXNativeTarget "StytchExampleUI" */ = {
			isa = XCConfigurationList;
			buildConfigurations = (
				85EA2D9C257F95D10034693E /* Debug */,
				85EA2D9D257F95D10034693E /* Release */,
			);
			defaultConfigurationIsVisible = 0;
			defaultConfigurationName = Release;
		};
/* End XCConfigurationList section */
	};
	rootObject = 85EA2D64257F95590034693E /* Project object */;
}
